
Microsoft Visual Studio Solution File, Format Version 12.00
# Visual Studio 15
VisualStudioVersion = 15.0.28307.779
MinimumVisualStudioVersion = 10.0.40219.1
Project("{FAE04EC0-301F-11D3-BF4B-00C04F79EFBC}") = "EntryPoint", "KvantCard_B\EntryPoint.csproj", "{F4999CA8-E1E5-45A4-958A-F92D798E43BB}"
EndProject
Project("{FAE04EC0-301F-11D3-BF4B-00C04F79EFBC}") = "Models", "Models\Models.csproj", "{DA795AFB-C04D-4B2F-83A8-86C9D534FA4E}"
EndProject
Global
	GlobalSection(SolutionConfigurationPlatforms) = preSolution
		Debug|Any CPU = Debug|Any CPU
		Release|Any CPU = Release|Any CPU
	EndGlobalSection
	GlobalSection(ProjectConfigurationPlatforms) = postSolution
		{F4999CA8-E1E5-45A4-958A-F92D798E43BB}.Debug|Any CPU.ActiveCfg = Debug|Any CPU
		{F4999CA8-E1E5-45A4-958A-F92D798E43BB}.Debug|Any CPU.Build.0 = Debug|Any CPU
		{F4999CA8-E1E5-45A4-958A-F92D798E43BB}.Release|Any CPU.ActiveCfg = Release|Any CPU
		{F4999CA8-E1E5-45A4-958A-F92D798E43BB}.Release|Any CPU.Build.0 = Release|Any CPU
		{DA795AFB-C04D-4B2F-83A8-86C9D534FA4E}.Debug|Any CPU.ActiveCfg = Debug|Any CPU
		{DA795AFB-C04D-4B2F-83A8-86C9D534FA4E}.Debug|Any CPU.Build.0 = Debug|Any CPU
		{DA795AFB-C04D-4B2F-83A8-86C9D534FA4E}.Release|Any CPU.ActiveCfg = Release|Any CPU
		{DA795AFB-C04D-4B2F-83A8-86C9D534FA4E}.Release|Any CPU.Build.0 = Release|Any CPU
	EndGlobalSection
	GlobalSection(SolutionProperties) = preSolution
		HideSolutionNode = FALSE
	EndGlobalSection
	GlobalSection(ExtensibilityGlobals) = postSolution
		SolutionGuid = {A535C4EA-B44E-42C4-8A83-63C6435D3678}
	EndGlobalSection
EndGlobal
